<Solution>
  <Project Path="RulesOfEntry.Runtime.csproj" />
  <Project Path="Assembly-CSharp-Editor.csproj" />
  <Project Path="RulesOfEntry.Tests.EditMode.csproj" />
  <Project Path="RulesOfEntry.Editor.csproj" />
  <Project Path="Assembly-CSharp.csproj" />
  <Project Path="RulesOfEntry.Tests.PlayMode.csproj" />
</Solution>
